
Microsoft Visual Studio Solution File, Format Version 12.00
# Visual Studio 15
VisualStudioVersion = 15.0.28307.421
MinimumVisualStudioVersion = 10.0.40219.1
Project("{FAE04EC0-301F-11D3-BF4B-00C04F79EFBC}") = "nnw", "nnw\nnw.csproj", "{C7F358E3-5300-4E80-A197-1D4D028096C9}"
EndProject
Global
	GlobalSection(SolutionConfigurationPlatforms) = preSolution
		Debug|Any CPU = Debug|Any CPU
		Release|Any CPU = Release|Any CPU
	EndGlobalSection
	GlobalSection(ProjectConfigurationPlatforms) = postSolution
		{C7F358E3-5300-4E80-A197-1D4D028096C9}.Debug|Any CPU.ActiveCfg = Debug|Any CPU
		{C7F358E3-5300-4E80-A197-1D4D028096C9}.Debug|Any CPU.Build.0 = Debug|Any CPU
		{C7F358E3-5300-4E80-A197-1D4D028096C9}.Release|Any CPU.ActiveCfg = Release|Any CPU
		{C7F358E3-5300-4E80-A197-1D4D028096C9}.Release|Any CPU.Build.0 = Release|Any CPU
	EndGlobalSection
	GlobalSection(SolutionProperties) = preSolution
		HideSolutionNode = FALSE
	EndGlobalSection
	GlobalSection(ExtensibilityGlobals) = postSolution
		SolutionGuid = {1F8C5027-EA74-401E-A5FA-31E69E97D573}
	EndGlobalSection
EndGlobal
